
Microsoft Visual Studio Solution File, Format Version 12.00
# Visual Studio Version 16
VisualStudioVersion = 16.0.29418.71
MinimumVisualStudioVersion = 10.0.40219.1
Project("{9A19103F-16F7-4668-BE54-9A1E7A4F7556}") = "Languages", "Language\Languages.csproj", "{DA530B1A-4F1B-49B0-B91F-855A6AD9C7B8}"
EndProject
Global
	GlobalSection(SolutionConfigurationPlatforms) = preSolution
		Debug|Any CPU = Debug|Any CPU
		Release|Any CPU = Release|Any CPU
	EndGlobalSection
	GlobalSection(ProjectConfigurationPlatforms) = postSolution
		{DA530B1A-4F1B-49B0-B91F-855A6AD9C7B8}.Debug|Any CPU.ActiveCfg = Debug|Any CPU
		{DA530B1A-4F1B-49B0-B91F-855A6AD9C7B8}.Debug|Any CPU.Build.0 = Debug|Any CPU
		{DA530B1A-4F1B-49B0-B91F-855A6AD9C7B8}.Release|Any CPU.ActiveCfg = Release|Any CPU
		{DA530B1A-4F1B-49B0-B91F-855A6AD9C7B8}.Release|Any CPU.Build.0 = Release|Any CPU
	EndGlobalSection
	GlobalSection(SolutionProperties) = preSolution
		HideSolutionNode = FALSE
	EndGlobalSection
	GlobalSection(ExtensibilityGlobals) = postSolution
		SolutionGuid = {53CE929A-263A-4914-B9B1-DD79CABB422D}
	EndGlobalSection
EndGlobal
